// !$*UTF8*$!
{
	archiveVersion = 1;
	classes = {
	};
	objectVersion = 77;
	objects = {

/* Begin PBXContainerItemProxy section */
		C99E096E2E43FFE70050E37A /* PBXContainerItemProxy */ = {
			isa = PBXContainerItemProxy;
			containerPortal = C99E09582E43FFE60050E37A /* Project object */;
			proxyType = 1;
			remoteGlobalIDString = C99E095F2E43FFE60050E37A;
			remoteInfo = PropDocs;
		};
		C99E09782E43FFE70050E37A /* PBXContainerItemProxy */ = {
			isa = PBXContainerItemProxy;
			containerPortal = C99E09582E43FFE60050E37A /* Project object */;
			proxyType = 1;
			remoteGlobalIDString = C99E095F2E43FFE60050E37A;
			remoteInfo = PropDocs;
		};
/* End PBXContainerItemProxy section */

/* Begin PBXFileReference section */
		C99E09602E43FFE60050E37A /* PropDocs.app */ = {isa = PBXFileReference; explicitFileType = wrapper.application; includeInIndex = 0; path = PropDocs.app; sourceTree = BUILT_PRODUCTS_DIR; };
		C99E096D2E43FFE70050E37A /* PropDocsTests.xctest */ = {isa = PBXFileReference; explicitFileType = wrapper.cfbundle; includeInIndex = 0; path = PropDocsTests.xctest; sourceTree = BUILT_PRODUCTS_DIR; };
		C99E09772E43FFE70050E37A /* PropDocsUITests.xctest */ = {isa = PBXFileReference; explicitFileType = wrapper.cfbundle; includeInIndex = 0; path = PropDocsUITests.xctest; sourceTree = BUILT_PRODUCTS_DIR; };
/* End PBXFileReference section */

/* Begin PBXFileSystemSynchronizedRootGroup section */
		C99E09622E43FFE60050E37A /* PropDocs */ = {
			isa = PBXFileSystemSynchronizedRootGroup;
			path = PropDocs;
			sourceTree = "<group>";
		};
		C99E09702E43FFE70050E37A /* PropDocsTests */ = {
			isa = PBXFileSystemSynchronizedRootGroup;
			path = PropDocsTests;
			sourceTree = "<group>";
		};
		C99E097A2E43FFE70050E37A /* PropDocsUITests */ = {
			isa = PBXFileSystemSynchronizedRootGroup;
			path = PropDocsUITests;
			sourceTree = "<group>";
		};
/* End PBXFileSystemSynchronizedRootGroup section */

/* Begin PBXFrameworksBuildPhase section */
		C99E095D2E43FFE60050E37A /* Frameworks */ = {
			isa = PBXFrameworksBuildPhase;
			buildActionMask = 2147483647;
			files = (
			);
			runOnlyForDeploymentPostprocessing = 0;
		};
		C99E096A2E43FFE70050E37A /* Frameworks */ = {
			isa = PBXFrameworksBuildPhase;
			buildActionMask = 2147483647;
			files = (
			);
			runOnlyForDeploymentPostprocessing = 0;
		};
		C99E09742E43FFE70050E37A /* Frameworks */ = {
			isa = PBXFrameworksBuildPhase;
			buildActionMask = 2147483647;
			files = (
			);
			runOnlyForDeploymentPostprocessing = 0;
		};
/* End PBXFrameworksBuildPhase section */

/* Begin PBXGroup section */
		C99E09572E43FFE60050E37A = {
			isa = PBXGroup;
			children = (
				C99E09622E43FFE60050E37A /* PropDocs */,
				C99E09702E43FFE70050E37A /* PropDocsTests */,
				C99E097A2E43FFE70050E37A /* PropDocsUITests */,
				C99E09612E43FFE60050E37A /* Products */,
			);
			sourceTree = "<group>";
		};
		C99E09612E43FFE60050E37A /* Products */ = {
			isa = PBXGroup;
			children = (
				C99E09602E43FFE60050E37A /* PropDocs.app */,
				C99E096D2E43FFE70050E37A /* PropDocsTests.xctest */,
				C99E09772E43FFE70050E37A /* PropDocsUITests.xctest */,
			);
			name = Products;
			sourceTree = "<group>";
		};
/* End PBXGroup section */

/* Begin PBXNativeTarget section */
		C99E095F2E43FFE60050E37A /* PropDocs */ = {
			isa = PBXNativeTarget;
			buildConfigurationList = C99E09812E43FFE70050E37A /* Build configuration list for PBXNativeTarget "PropDocs" */;
			buildPhases = (
				C99E095C2E43FFE60050E37A /* Sources */,
				C99E095D2E43FFE60050E37A /* Frameworks */,
				C99E095E2E43FFE60050E37A /* Resources */,
			);
			buildRules = (
			);
			dependencies = (
			);
			fileSystemSynchronizedGroups = (
				C99E09622E43FFE60050E37A /* PropDocs */,
			);
			name = PropDocs;
			packageProductDependencies = (
			);
			productName = PropDocs;
			productReference = C99E09602E43FFE60050E37A /* PropDocs.app */;
			productType = "com.apple.product-type.application";
		};
		C99E096C2E43FFE70050E37A /* PropDocsTests */ = {
			isa = PBXNativeTarget;
			buildConfigurationList = C99E09842E43FFE70050E37A /* Build configuration list for PBXNativeTarget "PropDocsTests" */;
			buildPhases = (
				C99E09692E43FFE70050E37A /* Sources */,
				C99E096A2E43FFE70050E37A /* Frameworks */,
				C99E096B2E43FFE70050E37A /* Resources */,
			);
			buildRules = (
			);
			dependencies = (
				C99E096F2E43FFE70050E37A /* PBXTargetDependency */,
			);
			fileSystemSynchronizedGroups = (
				C99E09702E43FFE70050E37A /* PropDocsTests */,
			);
			name = PropDocsTests;
			packageProductDependencies = (
			);
			productName = PropDocsTests;
			productReference = C99E096D2E43FFE70050E37A /* PropDocsTests.xctest */;
			productType = "com.apple.product-type.bundle.unit-test";
		};
		C99E09762E43FFE70050E37A /* PropDocsUITests */ = {
			isa = PBXNativeTarget;
			buildConfigurationList = C99E09872E43FFE70050E37A /* Build configuration list for PBXNativeTarget "PropDocsUITests" */;
			buildPhases = (
				C99E09732E43FFE70050E37A /* Sources */,
				C99E09742E43FFE70050E37A /* Frameworks */,
				C99E09752E43FFE70050E37A /* Resources */,
			);
			buildRules = (
			);
			dependencies = (
				C99E09792E43FFE70050E37A /* PBXTargetDependency */,
			);
			fileSystemSynchronizedGroups = (
				C99E097A2E43FFE70050E37A /* PropDocsUITests */,
			);
			name = PropDocsUITests;
			packageProductDependencies = (
			);
			productName = PropDocsUITests;
			productReference = C99E09772E43FFE70050E37A /* PropDocsUITests.xctest */;
			productType = "com.apple.product-type.bundle.ui-testing";
		};
/* End PBXNativeTarget section */

/* Begin PBXProject section */
		C99E09582E43FFE60050E37A /* Project object */ = {
			isa = PBXProject;
			attributes = {
				BuildIndependentTargetsInParallel = 1;
				LastSwiftUpdateCheck = 1640;
				LastUpgradeCheck = 1640;
				TargetAttributes = {
					C99E095F2E43FFE60050E37A = {
						CreatedOnToolsVersion = 16.4;
					};
					C99E096C2E43FFE70050E37A = {
						CreatedOnToolsVersion = 16.4;
						TestTargetID = C99E095F2E43FFE60050E37A;
					};
					C99E09762E43FFE70050E37A = {
						CreatedOnToolsVersion = 16.4;
						TestTargetID = C99E095F2E43FFE60050E37A;
					};
				};
			};
			buildConfigurationList = C99E095B2E43FFE60050E37A /* Build configuration list for PBXProject "PropDocs" */;
			developmentRegion = en;
			hasScannedForEncodings = 0;
			knownRegions = (
				en,
				Base,
			);
			mainGroup = C99E09572E43FFE60050E37A;
			minimizedProjectReferenceProxies = 1;
			preferredProjectObjectVersion = 77;
			productRefGroup = C99E09612E43FFE60050E37A /* Products */;
			projectDirPath = "";
			projectRoot = "";
			targets = (
				C99E095F2E43FFE60050E37A /* PropDocs */,
				C99E096C2E43FFE70050E37A /* PropDocsTests */,
				C99E09762E43FFE70050E37A /* PropDocsUITests */,
			);
		};
/* End PBXProject section */

/* Begin PBXResourcesBuildPhase section */
		C99E095E2E43FFE60050E37A /* Resources */ = {
			isa = PBXResourcesBuildPhase;
			buildActionMask = 2147483647;
			files = (
			);
			runOnlyForDeploymentPostprocessing = 0;
		};
		C99E096B2E43FFE70050E37A /* Resources */ = {
			isa = PBXResourcesBuildPhase;
			buildActionMask = 2147483647;
			files = (
			);
			runOnlyForDeploymentPostprocessing = 0;
		};
		C99E09752E43FFE70050E37A /* Resources */ = {
			isa = PBXResourcesBuildPhase;
			buildActionMask = 2147483647;
			files = (
			);
			runOnlyForDeploymentPostprocessing = 0;
		};
/* End PBXResourcesBuildPhase section */

/* Begin PBXSourcesBuildPhase section */
		C99E095C2E43FFE60050E37A /* Sources */ = {
			isa = PBXSourcesBuildPhase;
			buildActionMask = 2147483647;
			files = (
			);
			runOnlyForDeploymentPostprocessing = 0;
		};
		C99E09692E43FFE70050E37A /* Sources */ = {
			isa = PBXSourcesBuildPhase;
			buildActionMask = 2147483647;
			files = (
			);
			runOnlyForDeploymentPostprocessing = 0;
		};
		C99E09732E43FFE70050E37A /* Sources */ = {
			isa = PBXSourcesBuildPhase;
			buildActionMask = 2147483647;
			files = (
			);
			runOnlyForDeploymentPostprocessing = 0;
		};
/* End PBXSourcesBuildPhase section */

/* Begin PBXTargetDependency section */
		C99E096F2E43FFE70050E37A /* PBXTargetDependency */ = {
			isa = PBXTargetDependency;
			target = C99E095F2E43FFE60050E37A /* PropDocs */;
			targetProxy = C99E096E2E43FFE70050E37A /* PBXContainerItemProxy */;
		};
		C99E09792E43FFE70050E37A /* PBXTargetDependency */ = {
			isa = PBXTargetDependency;
			target = C99E095F2E43FFE60050E37A /* PropDocs */;
			targetProxy = C99E09782E43FFE70050E37A /* PBXContainerItemProxy */;
		};
/* End PBXTargetDependency section */

/* Begin XCBuildConfiguration section */
		C99E097F2E43FFE70050E37A /* Debug */ = {
			isa = XCBuildConfiguration;
			buildSettings = {
				ALWAYS_SEARCH_USER_PATHS = NO;
				ASSETCATALOG_COMPILER_GENERATE_SWIFT_ASSET_SYMBOL_EXTENSIONS = YES;
				CLANG_ANALYZER_NONNULL = YES;
				CLANG_ANALYZER_NUMBER_OBJECT_CONVERSION = YES_AGGRESSIVE;
				CLANG_CXX_LANGUAGE_STANDARD = "gnu++20";
				CLANG_ENABLE_MODULES = YES;
				CLANG_ENABLE_OBJC_ARC = YES;
				CLANG_ENABLE_OBJC_WEAK = YES;
				CLANG_WARN_BLOCK_CAPTURE_AUTORELEASING = YES;
				CLANG_WARN_BOOL_CONVERSION = YES;
				CLANG_WARN_COMMA = YES;
				CLANG_WARN_CONSTANT_CONVERSION = YES;
				CLANG_WARN_DEPRECATED_OBJC_IMPLEMENTATIONS = YES;
				CLANG_WARN_DIRECT_OBJC_ISA_USAGE = YES_ERROR;
				CLANG_WARN_DOCUMENTATION_COMMENTS = YES;
				CLANG_WARN_EMPTY_BODY = YES;
				CLANG_WARN_ENUM_CONVERSION = YES;
				CLANG_WARN_INFINITE_RECURSION = YES;
				CLANG_WARN_INT_CONVERSION = YES;
				CLANG_WARN_NON_LITERAL_NULL_CONVERSION = YES;
				CLANG_WARN_OBJC_IMPLICIT_RETAIN_SELF = YES;
				CLANG_WARN_OBJC_LITERAL_CONVERSION = YES;
				CLANG_WARN_OBJC_ROOT_CLASS = YES_ERROR;
				CLANG_WARN_QUOTED_INCLUDE_IN_FRAMEWORK_HEADER = YES;
				CLANG_WARN_RANGE_LOOP_ANALYSIS = YES;
				CLANG_WARN_STRICT_PROTOTYPES = YES;
				CLANG_WARN_SUSPICIOUS_MOVE = YES;
				CLANG_WARN_UNGUARDED_AVAILABILITY = YES_AGGRESSIVE;
				CLANG_WARN_UNREACHABLE_CODE = YES;
				CLANG_WARN__DUPLICATE_METHOD_MATCH = YES;
				COPY_PHASE_STRIP = NO;
				DEBUG_INFORMATION_FORMAT = dwarf;
				DEVELOPMENT_TEAM = 389Y5DY6GV;
				ENABLE_STRICT_OBJC_MSGSEND = YES;
				ENABLE_TESTABILITY = YES;
				ENABLE_USER_SCRIPT_SANDBOXING = YES;
				GCC_C_LANGUAGE_STANDARD = gnu17;
				GCC_DYNAMIC_NO_PIC = NO;
				GCC_NO_COMMON_BLOCKS = YES;
				GCC_OPTIMIZATION_LEVEL = 0;
				GCC_PREPROCESSOR_DEFINITIONS = (
					"DEBUG=1",
					"$(inherited)",
				);
				GCC_WARN_64_TO_32_BIT_CONVERSION = YES;
				GCC_WARN_ABOUT_RETURN_TYPE = YES_ERROR;
				GCC_WARN_UNDECLARED_SELECTOR = YES;
				GCC_WARN_UNINITIALIZED_AUTOS = YES_AGGRESSIVE;
				GCC_WARN_UNUSED_FUNCTION = YES;
				GCC_WARN_UNUSED_VARIABLE = YES;
				IPHONEOS_DEPLOYMENT_TARGET = 15.0;
				LOCALIZATION_PREFERS_STRING_CATALOGS = YES;
				MTL_ENABLE_DEBUG_INFO = INCLUDE_SOURCE;
				MTL_FAST_MATH = YES;
				ONLY_ACTIVE_ARCH = YES;
				SDKROOT = iphoneos;
				SWIFT_ACTIVE_COMPILATION_CONDITIONS = "DEBUG $(inherited)";
				SWIFT_OPTIMIZATION_LEVEL = "-Onone";
			};
			name = Debug;
		};
		C99E09802E43FFE70050E37A /* Release */ = {
			isa = XCBuildConfiguration;
			buildSettings = {
				ALWAYS_SEARCH_USER_PATHS = NO;
				ASSETCATALOG_COMPILER_GENERATE_SWIFT_ASSET_SYMBOL_EXTENSIONS = YES;
				CLANG_ANALYZER_NONNULL = YES;
				CLANG_ANALYZER_NUMBER_OBJECT_CONVERSION = YES_AGGRESSIVE;
				CLANG_CXX_LANGUAGE_STANDARD = "gnu++20";
				CLANG_ENABLE_MODULES = YES;
				CLANG_ENABLE_OBJC_ARC = YES;
				CLANG_ENABLE_OBJC_WEAK = YES;
				CLANG_WARN_BLOCK_CAPTURE_AUTORELEASING = YES;
				CLANG_WARN_BOOL_CONVERSION = YES;
				CLANG_WARN_COMMA = YES;
				CLANG_WARN_CONSTANT_CONVERSION = YES;
				CLANG_WARN_DEPRECATED_OBJC_IMPLEMENTATIONS = YES;
				CLANG_WARN_DIRECT_OBJC_ISA_USAGE = YES_ERROR;
				CLANG_WARN_DOCUMENTATION_COMMENTS = YES;
				CLANG_WARN_EMPTY_BODY = YES;
				CLANG_WARN_ENUM_CONVERSION = YES;
				CLANG_WARN_INFINITE_RECURSION = YES;
				CLANG_WARN_INT_CONVERSION = YES;
				CLANG_WARN_NON_LITERAL_NULL_CONVERSION = YES;
				CLANG_WARN_OBJC_IMPLICIT_RETAIN_SELF = YES;
				CLANG_WARN_OBJC_LITERAL_CONVERSION = YES;
				CLANG_WARN_OBJC_ROOT_CLASS = YES_ERROR;
				CLANG_WARN_QUOTED_INCLUDE_IN_FRAMEWORK_HEADER = YES;
				CLANG_WARN_RANGE_LOOP_ANALYSIS = YES;
				CLANG_WARN_STRICT_PROTOTYPES = YES;
				CLANG_WARN_SUSPICIOUS_MOVE = YES;
				CLANG_WARN_UNGUARDED_AVAILABILITY = YES_AGGRESSIVE;
				CLANG_WARN_UNREACHABLE_CODE = YES;
				CLANG_WARN__DUPLICATE_METHOD_MATCH = YES;
				COPY_PHASE_STRIP = NO;
				DEBUG_INFORMATION_FORMAT = "dwarf-with-dsym";
				DEVELOPMENT_TEAM = 389Y5DY6GV;
				ENABLE_NS_ASSERTIONS = NO;
				ENABLE_STRICT_OBJC_MSGSEND = YES;
				ENABLE_USER_SCRIPT_SANDBOXING = YES;
				GCC_C_LANGUAGE_STANDARD = gnu17;
				GCC_NO_COMMON_BLOCKS = YES;
				GCC_WARN_64_TO_32_BIT_CONVERSION = YES;
				GCC_WARN_ABOUT_RETURN_TYPE = YES_ERROR;
				GCC_WARN_UNDECLARED_SELECTOR = YES;
				GCC_WARN_UNINITIALIZED_AUTOS = YES_AGGRESSIVE;
				GCC_WARN_UNUSED_FUNCTION = YES;
				GCC_WARN_UNUSED_VARIABLE = YES;
				IPHONEOS_DEPLOYMENT_TARGET = 15.0;
				LOCALIZATION_PREFERS_STRING_CATALOGS = YES;
				MTL_ENABLE_DEBUG_INFO = NO;
				MTL_FAST_MATH = YES;
				SDKROOT = iphoneos;
				SWIFT_COMPILATION_MODE = wholemodule;
				VALIDATE_PRODUCT = YES;
			};
			name = Release;
		};
		C99E09822E43FFE70050E37A /* Debug */ = {
			isa = XCBuildConfiguration;
			buildSettings = {
				ASSETCATALOG_COMPILER_APPICON_NAME = AppIcon;
				ASSETCATALOG_COMPILER_GLOBAL_ACCENT_COLOR_NAME = AccentColor;
				CODE_SIGN_STYLE = Automatic;
				CURRENT_PROJECT_VERSION = 1;
				DEVELOPMENT_TEAM = 389Y5DY6GV;
				ENABLE_PREVIEWS = YES;
				GENERATE_INFOPLIST_FILE = YES;
				INFOPLIST_KEY_UIApplicationSceneManifest_Generation = YES;
				INFOPLIST_KEY_UIApplicationSupportsIndirectInputEvents = YES;
				INFOPLIST_KEY_UILaunchScreen_Generation = YES;
				INFOPLIST_KEY_UISupportedInterfaceOrientations_iPad = "UIInterfaceOrientationPortrait UIInterfaceOrientationPortraitUpsideDown UIInterfaceOrientationLandscapeLeft UIInterfaceOrientationLandscapeRight";
				INFOPLIST_KEY_UISupportedInterfaceOrientations_iPhone = "UIInterfaceOrientationPortrait UIInterfaceOrientationLandscapeLeft UIInterfaceOrientationLandscapeRight";
				INFOPLIST_KEY_NSCameraUsageDescription = "PropDocs needs camera access to capture photos of your property assets for documentation and maintenance tracking.";
				INFOPLIST_KEY_NSPhotoLibraryUsageDescription = "PropDocs needs photo library access to select existing photos of your property assets for documentation.";
				INFOPLIST_KEY_NSLocationWhenInUseUsageDescription = "PropDocs uses your location to provide accurate address suggestions when adding properties.";
				INFOPLIST_KEY_NSContactsUsageDescription = "PropDocs can import service provider contacts to help you manage maintenance providers more efficiently.";
				INFOPLIST_KEY_NSFaceIDUsageDescription = "PropDocs uses Face ID to securely authenticate and protect your property information.";
				LD_RUNPATH_SEARCH_PATHS = (
					"$(inherited)",
					"@executable_path/Frameworks",
				);
				MARKETING_VERSION = 1.0;
				PRODUCT_BUNDLE_IDENTIFIER = com.propdocs.app.PropDocs;
				PRODUCT_NAME = "$(TARGET_NAME)";
				SWIFT_EMIT_LOC_STRINGS = YES;
				SWIFT_VERSION = 5.0;
				TARGETED_DEVICE_FAMILY = "1,2";
			};
			name = Debug;
		};
		C99E09832E43FFE70050E37A /* Release */ = {
			isa = XCBuildConfiguration;
			buildSettings = {
				ASSETCATALOG_COMPILER_APPICON_NAME = AppIcon;
				ASSETCATALOG_COMPILER_GLOBAL_ACCENT_COLOR_NAME = AccentColor;
				CODE_SIGN_STYLE = Automatic;
				CURRENT_PROJECT_VERSION = 1;
				DEVELOPMENT_TEAM = 389Y5DY6GV;
				ENABLE_PREVIEWS = YES;
				GENERATE_INFOPLIST_FILE = YES;
				INFOPLIST_KEY_UIApplicationSceneManifest_Generation = YES;
				INFOPLIST_KEY_UIApplicationSupportsIndirectInputEvents = YES;
				INFOPLIST_KEY_UILaunchScreen_Generation = YES;
				INFOPLIST_KEY_UISupportedInterfaceOrientations_iPad = "UIInterfaceOrientationPortrait UIInterfaceOrientationPortraitUpsideDown UIInterfaceOrientationLandscapeLeft UIInterfaceOrientationLandscapeRight";
				INFOPLIST_KEY_UISupportedInterfaceOrientations_iPhone = "UIInterfaceOrientationPortrait UIInterfaceOrientationLandscapeLeft UIInterfaceOrientationLandscapeRight";
				INFOPLIST_KEY_NSCameraUsageDescription = "PropDocs needs camera access to capture photos of your property assets for documentation and maintenance tracking.";
				INFOPLIST_KEY_NSPhotoLibraryUsageDescription = "PropDocs needs photo library access to select existing photos of your property assets for documentation.";
				INFOPLIST_KEY_NSLocationWhenInUseUsageDescription = "PropDocs uses your location to provide accurate address suggestions when adding properties.";
				INFOPLIST_KEY_NSContactsUsageDescription = "PropDocs can import service provider contacts to help you manage maintenance providers more efficiently.";
				INFOPLIST_KEY_NSFaceIDUsageDescription = "PropDocs uses Face ID to securely authenticate and protect your property information.";
				LD_RUNPATH_SEARCH_PATHS = (
					"$(inherited)",
					"@executable_path/Frameworks",
				);
				MARKETING_VERSION = 1.0;
				PRODUCT_BUNDLE_IDENTIFIER = com.propdocs.app.PropDocs;
				PRODUCT_NAME = "$(TARGET_NAME)";
				SWIFT_EMIT_LOC_STRINGS = YES;
				SWIFT_VERSION = 5.0;
				TARGETED_DEVICE_FAMILY = "1,2";
			};
			name = Release;
		};
		C99E09852E43FFE70050E37A /* Debug */ = {
			isa = XCBuildConfiguration;
			buildSettings = {
				BUNDLE_LOADER = "$(TEST_HOST)";
				CODE_SIGN_STYLE = Automatic;
				CURRENT_PROJECT_VERSION = 1;
				DEVELOPMENT_TEAM = 389Y5DY6GV;
				GENERATE_INFOPLIST_FILE = YES;
				IPHONEOS_DEPLOYMENT_TARGET = 15.0;
				MARKETING_VERSION = 1.0;
				PRODUCT_BUNDLE_IDENTIFIER = com.propdocs.app.PropDocsTests;
				PRODUCT_NAME = "$(TARGET_NAME)";
				SWIFT_EMIT_LOC_STRINGS = NO;
				SWIFT_VERSION = 5.0;
				TARGETED_DEVICE_FAMILY = "1,2";
				TEST_HOST = "$(BUILT_PRODUCTS_DIR)/PropDocs.app/$(BUNDLE_EXECUTABLE_FOLDER_PATH)/PropDocs";
			};
			name = Debug;
		};
		C99E09862E43FFE70050E37A /* Release */ = {
			isa = XCBuildConfiguration;
			buildSettings = {
				BUNDLE_LOADER = "$(TEST_HOST)";
				CODE_SIGN_STYLE = Automatic;
				CURRENT_PROJECT_VERSION = 1;
				DEVELOPMENT_TEAM = 389Y5DY6GV;
				GENERATE_INFOPLIST_FILE = YES;
				IPHONEOS_DEPLOYMENT_TARGET = 15.0;
				MARKETING_VERSION = 1.0;
				PRODUCT_BUNDLE_IDENTIFIER = com.propdocs.app.PropDocsTests;
				PRODUCT_NAME = "$(TARGET_NAME)";
				SWIFT_EMIT_LOC_STRINGS = NO;
				SWIFT_VERSION = 5.0;
				TARGETED_DEVICE_FAMILY = "1,2";
				TEST_HOST = "$(BUILT_PRODUCTS_DIR)/PropDocs.app/$(BUNDLE_EXECUTABLE_FOLDER_PATH)/PropDocs";
			};
			name = Release;
		};
		C99E09882E43FFE70050E37A /* Debug */ = {
			isa = XCBuildConfiguration;
			buildSettings = {
				CODE_SIGN_STYLE = Automatic;
				CURRENT_PROJECT_VERSION = 1;
				DEVELOPMENT_TEAM = 389Y5DY6GV;
				GENERATE_INFOPLIST_FILE = YES;
				MARKETING_VERSION = 1.0;
				PRODUCT_BUNDLE_IDENTIFIER = com.propdocs.app.PropDocsUITests;
				PRODUCT_NAME = "$(TARGET_NAME)";
				SWIFT_EMIT_LOC_STRINGS = NO;
				SWIFT_VERSION = 5.0;
				TARGETED_DEVICE_FAMILY = "1,2";
				TEST_TARGET_NAME = PropDocs;
			};
			name = Debug;
		};
		C99E09892E43FFE70050E37A /* Release */ = {
			isa = XCBuildConfiguration;
			buildSettings = {
				CODE_SIGN_STYLE = Automatic;
				CURRENT_PROJECT_VERSION = 1;
				DEVELOPMENT_TEAM = 389Y5DY6GV;
				GENERATE_INFOPLIST_FILE = YES;
				MARKETING_VERSION = 1.0;
				PRODUCT_BUNDLE_IDENTIFIER = com.propdocs.app.PropDocsUITests;
				PRODUCT_NAME = "$(TARGET_NAME)";
				SWIFT_EMIT_LOC_STRINGS = NO;
				SWIFT_VERSION = 5.0;
				TARGETED_DEVICE_FAMILY = "1,2";
				TEST_TARGET_NAME = PropDocs;
			};
			name = Release;
		};
/* End XCBuildConfiguration section */

/* Begin XCConfigurationList section */
		C99E095B2E43FFE60050E37A /* Build configuration list for PBXProject "PropDocs" */ = {
			isa = XCConfigurationList;
			buildConfigurations = (
				C99E097F2E43FFE70050E37A /* Debug */,
				C99E09802E43FFE70050E37A /* Release */,
			);
			defaultConfigurationIsVisible = 0;
			defaultConfigurationName = Release;
		};
		C99E09812E43FFE70050E37A /* Build configuration list for PBXNativeTarget "PropDocs" */ = {
			isa = XCConfigurationList;
			buildConfigurations = (
				C99E09822E43FFE70050E37A /* Debug */,
				C99E09832E43FFE70050E37A /* Release */,
			);
			defaultConfigurationIsVisible = 0;
			defaultConfigurationName = Release;
		};
		C99E09842E43FFE70050E37A /* Build configuration list for PBXNativeTarget "PropDocsTests" */ = {
			isa = XCConfigurationList;
			buildConfigurations = (
				C99E09852E43FFE70050E37A /* Debug */,
				C99E09862E43FFE70050E37A /* Release */,
			);
			defaultConfigurationIsVisible = 0;
			defaultConfigurationName = Release;
		};
		C99E09872E43FFE70050E37A /* Build configuration list for PBXNativeTarget "PropDocsUITests" */ = {
			isa = XCConfigurationList;
			buildConfigurations = (
				C99E09882E43FFE70050E37A /* Debug */,
				C99E09892E43FFE70050E37A /* Release */,
			);
			defaultConfigurationIsVisible = 0;
			defaultConfigurationName = Release;
		};
/* End XCConfigurationList section */
	};
	rootObject = C99E09582E43FFE60050E37A /* Project object */;
}
